
Microsoft Visual Studio Solution File, Format Version 12.00
Project("{2150E333-8FDC-42A3-9474-1A3956D46DE8}") = "Before", "Before", "{603DC9EA-43C5-47AC-9F97-00001F2CF797}"
EndProject
Project("{2150E333-8FDC-42A3-9474-1A3956D46DE8}") = "After", "After", "{76F7F0E5-429B-4938-8BEC-9611EBB01D38}"
EndProject
Project("{FAE04EC0-301F-11D3-BF4B-00C04F79EFBC}") = "ConsoleUI", "Before\ConsoleUI\ConsoleUI.csproj", "{234A22ED-5FA2-4C20-923A-1369EF348D76}"
EndProject
Project("{FAE04EC0-301F-11D3-BF4B-00C04F79EFBC}") = "Library", "Before\Library\Library.csproj", "{A32CA3F1-D599-4489-8C49-0CBAA8CFA2A9}"
EndProject
Project("{2150E333-8FDC-42A3-9474-1A3956D46DE8}") = "Wrong", "Wrong", "{764F55C9-0656-4A47-AA40-AAEDBDE0E25B}"
EndProject
Project("{2150E333-8FDC-42A3-9474-1A3956D46DE8}") = "Right", "Right", "{8576ADBD-A24F-4BD3-8374-22BD6092174A}"
EndProject
Project("{FAE04EC0-301F-11D3-BF4B-00C04F79EFBC}") = "UpdatedConsoleUI", "After\Right\UpdatedConsoleUI\UpdatedConsoleUI.csproj", "{7041EF43-7CAC-4ED5-AC41-210491AB893B}"
EndProject
Project("{FAE04EC0-301F-11D3-BF4B-00C04F79EFBC}") = "UpdatedLibrary", "After\Right\UpdatedLibrary\UpdatedLibrary.csproj", "{ADB6D00D-128C-490A-A4A6-E76AD98338B7}"
EndProject
Project("{FAE04EC0-301F-11D3-BF4B-00C04F79EFBC}") = "UpdatedConsoleUI", "After\Wrong\UpdatedConsoleUI\UpdatedConsoleUI.csproj", "{B90DDA09-2386-4F2D-BA28-80329384D455}"
EndProject
Project("{FAE04EC0-301F-11D3-BF4B-00C04F79EFBC}") = "UpdatedLibrary", "After\Wrong\UpdatedLibrary\UpdatedLibrary.csproj", "{04E64552-7A81-47DD-BD52-FB0F8DAFCDF7}"
EndProject
Global
	GlobalSection(SolutionConfigurationPlatforms) = preSolution
		Debug|Any CPU = Debug|Any CPU
		Release|Any CPU = Release|Any CPU
	EndGlobalSection
	GlobalSection(ProjectConfigurationPlatforms) = postSolution
		{234A22ED-5FA2-4C20-923A-1369EF348D76}.Debug|Any CPU.ActiveCfg = Debug|Any CPU
		{234A22ED-5FA2-4C20-923A-1369EF348D76}.Debug|Any CPU.Build.0 = Debug|Any CPU
		{234A22ED-5FA2-4C20-923A-1369EF348D76}.Release|Any CPU.ActiveCfg = Release|Any CPU
		{234A22ED-5FA2-4C20-923A-1369EF348D76}.Release|Any CPU.Build.0 = Release|Any CPU
		{A32CA3F1-D599-4489-8C49-0CBAA8CFA2A9}.Debug|Any CPU.ActiveCfg = Debug|Any CPU
		{A32CA3F1-D599-4489-8C49-0CBAA8CFA2A9}.Debug|Any CPU.Build.0 = Debug|Any CPU
		{A32CA3F1-D599-4489-8C49-0CBAA8CFA2A9}.Release|Any CPU.ActiveCfg = Release|Any CPU
		{A32CA3F1-D599-4489-8C49-0CBAA8CFA2A9}.Release|Any CPU.Build.0 = Release|Any CPU
		{7041EF43-7CAC-4ED5-AC41-210491AB893B}.Debug|Any CPU.ActiveCfg = Debug|Any CPU
		{7041EF43-7CAC-4ED5-AC41-210491AB893B}.Debug|Any CPU.Build.0 = Debug|Any CPU
		{7041EF43-7CAC-4ED5-AC41-210491AB893B}.Release|Any CPU.ActiveCfg = Release|Any CPU
		{7041EF43-7CAC-4ED5-AC41-210491AB893B}.Release|Any CPU.Build.0 = Release|Any CPU
		{ADB6D00D-128C-490A-A4A6-E76AD98338B7}.Debug|Any CPU.ActiveCfg = Debug|Any CPU
		{ADB6D00D-128C-490A-A4A6-E76AD98338B7}.Debug|Any CPU.Build.0 = Debug|Any CPU
		{ADB6D00D-128C-490A-A4A6-E76AD98338B7}.Release|Any CPU.ActiveCfg = Release|Any CPU
		{ADB6D00D-128C-490A-A4A6-E76AD98338B7}.Release|Any CPU.Build.0 = Release|Any CPU
		{B90DDA09-2386-4F2D-BA28-80329384D455}.Debug|Any CPU.ActiveCfg = Debug|Any CPU
		{B90DDA09-2386-4F2D-BA28-80329384D455}.Debug|Any CPU.Build.0 = Debug|Any CPU
		{B90DDA09-2386-4F2D-BA28-80329384D455}.Release|Any CPU.ActiveCfg = Release|Any CPU
		{B90DDA09-2386-4F2D-BA28-80329384D455}.Release|Any CPU.Build.0 = Release|Any CPU
		{04E64552-7A81-47DD-BD52-FB0F8DAFCDF7}.Debug|Any CPU.ActiveCfg = Debug|Any CPU
		{04E64552-7A81-47DD-BD52-FB0F8DAFCDF7}.Debug|Any CPU.Build.0 = Debug|Any CPU
		{04E64552-7A81-47DD-BD52-FB0F8DAFCDF7}.Release|Any CPU.ActiveCfg = Release|Any CPU
		{04E64552-7A81-47DD-BD52-FB0F8DAFCDF7}.Release|Any CPU.Build.0 = Release|Any CPU
	EndGlobalSection
	GlobalSection(NestedProjects) = preSolution
		{234A22ED-5FA2-4C20-923A-1369EF348D76} = {603DC9EA-43C5-47AC-9F97-00001F2CF797}
		{A32CA3F1-D599-4489-8C49-0CBAA8CFA2A9} = {603DC9EA-43C5-47AC-9F97-00001F2CF797}
		{764F55C9-0656-4A47-AA40-AAEDBDE0E25B} = {76F7F0E5-429B-4938-8BEC-9611EBB01D38}
		{8576ADBD-A24F-4BD3-8374-22BD6092174A} = {76F7F0E5-429B-4938-8BEC-9611EBB01D38}
		{7041EF43-7CAC-4ED5-AC41-210491AB893B} = {8576ADBD-A24F-4BD3-8374-22BD6092174A}
		{ADB6D00D-128C-490A-A4A6-E76AD98338B7} = {8576ADBD-A24F-4BD3-8374-22BD6092174A}
		{B90DDA09-2386-4F2D-BA28-80329384D455} = {764F55C9-0656-4A47-AA40-AAEDBDE0E25B}
		{04E64552-7A81-47DD-BD52-FB0F8DAFCDF7} = {764F55C9-0656-4A47-AA40-AAEDBDE0E25B}
	EndGlobalSection
EndGlobal
