
Microsoft Visual Studio Solution File, Format Version 12.00
Project("{2150E333-8FDC-42A3-9474-1A3956D46DE8}") = "Before", "Before", "{603DC9EA-43C5-47AC-9F97-00001F2CF797}"
EndProject
Project("{2150E333-8FDC-42A3-9474-1A3956D46DE8}") = "After", "After", "{76F7F0E5-429B-4938-8BEC-9611EBB01D38}"
EndProject
Project("{FAE04EC0-301F-11D3-BF4B-00C04F79EFBC}") = "ConsoleUI", "Before\ConsoleUI\ConsoleUI.csproj", "{234A22ED-5FA2-4C20-923A-1369EF348D76}"
EndProject
Project("{FAE04EC0-301F-11D3-BF4B-00C04F79EFBC}") = "Library", "Before\Library\Library.csproj", "{5F870E6A-0EF5-4E0B-BDFD-0BE1BE109AEF}"
EndProject
Project("{FAE04EC0-301F-11D3-BF4B-00C04F79EFBC}") = "ConsoleUI", "After\ConsoleUI\ConsoleUI.csproj", "{E4B3D9E2-4CD5-423A-ABBC-D2571FDF668F}"
EndProject
Project("{FAE04EC0-301F-11D3-BF4B-00C04F79EFBC}") = "Library", "After\Library\Library.csproj", "{BF3A3A53-F9FA-4C1D-9560-22FB6E9A77D7}"
EndProject
Global
	GlobalSection(SolutionConfigurationPlatforms) = preSolution
		Debug|Any CPU = Debug|Any CPU
		Release|Any CPU = Release|Any CPU
	EndGlobalSection
	GlobalSection(ProjectConfigurationPlatforms) = postSolution
		{234A22ED-5FA2-4C20-923A-1369EF348D76}.Debug|Any CPU.ActiveCfg = Debug|Any CPU
		{234A22ED-5FA2-4C20-923A-1369EF348D76}.Debug|Any CPU.Build.0 = Debug|Any CPU
		{234A22ED-5FA2-4C20-923A-1369EF348D76}.Release|Any CPU.ActiveCfg = Release|Any CPU
		{234A22ED-5FA2-4C20-923A-1369EF348D76}.Release|Any CPU.Build.0 = Release|Any CPU
		{5F870E6A-0EF5-4E0B-BDFD-0BE1BE109AEF}.Debug|Any CPU.ActiveCfg = Debug|Any CPU
		{5F870E6A-0EF5-4E0B-BDFD-0BE1BE109AEF}.Debug|Any CPU.Build.0 = Debug|Any CPU
		{5F870E6A-0EF5-4E0B-BDFD-0BE1BE109AEF}.Release|Any CPU.ActiveCfg = Release|Any CPU
		{5F870E6A-0EF5-4E0B-BDFD-0BE1BE109AEF}.Release|Any CPU.Build.0 = Release|Any CPU
		{E4B3D9E2-4CD5-423A-ABBC-D2571FDF668F}.Debug|Any CPU.ActiveCfg = Debug|Any CPU
		{E4B3D9E2-4CD5-423A-ABBC-D2571FDF668F}.Debug|Any CPU.Build.0 = Debug|Any CPU
		{E4B3D9E2-4CD5-423A-ABBC-D2571FDF668F}.Release|Any CPU.ActiveCfg = Release|Any CPU
		{E4B3D9E2-4CD5-423A-ABBC-D2571FDF668F}.Release|Any CPU.Build.0 = Release|Any CPU
		{BF3A3A53-F9FA-4C1D-9560-22FB6E9A77D7}.Debug|Any CPU.ActiveCfg = Debug|Any CPU
		{BF3A3A53-F9FA-4C1D-9560-22FB6E9A77D7}.Debug|Any CPU.Build.0 = Debug|Any CPU
		{BF3A3A53-F9FA-4C1D-9560-22FB6E9A77D7}.Release|Any CPU.ActiveCfg = Release|Any CPU
		{BF3A3A53-F9FA-4C1D-9560-22FB6E9A77D7}.Release|Any CPU.Build.0 = Release|Any CPU
	EndGlobalSection
	GlobalSection(NestedProjects) = preSolution
		{234A22ED-5FA2-4C20-923A-1369EF348D76} = {603DC9EA-43C5-47AC-9F97-00001F2CF797}
		{5F870E6A-0EF5-4E0B-BDFD-0BE1BE109AEF} = {603DC9EA-43C5-47AC-9F97-00001F2CF797}
		{E4B3D9E2-4CD5-423A-ABBC-D2571FDF668F} = {76F7F0E5-429B-4938-8BEC-9611EBB01D38}
		{BF3A3A53-F9FA-4C1D-9560-22FB6E9A77D7} = {76F7F0E5-429B-4938-8BEC-9611EBB01D38}
	EndGlobalSection
EndGlobal
